
Microsoft Visual Studio Solution File, Format Version 12.00
# Visual Studio 2013
VisualStudioVersion = 12.0.31101.0
MinimumVisualStudioVersion = 10.0.40219.1
Project("{FAE04EC0-301F-11D3-BF4B-00C04F79EFBC}") = "MyStik.TimeTable.Data", "Sources\TimeTable\MyStik.TimeTable.Data\MyStik.TimeTable.Data.csproj", "{2C1BDFEC-D9E1-492E-B4DC-1FCD0EF25567}"
EndProject
Global
	GlobalSection(TeamFoundationVersionControl) = preSolution
		SccNumberOfProjects = 2
		SccEnterpriseProvider = {4CA58AB2-18FA-4F8D-95D4-32DDF27D184C}
		SccTeamFoundationServer = http://vsl004.wi.private.hm.edu:8080/tfs/it09
		SccLocalPath0 = .
		SccProjectUniqueName1 = Sources\\TimeTable\\MyStik.TimeTable.Data\\MyStik.TimeTable.Data.csproj
		SccProjectName1 = Sources/TimeTable/MyStik.TimeTable.Data
		SccLocalPath1 = Sources\\TimeTable\\MyStik.TimeTable.Data
	EndGlobalSection
	GlobalSection(SolutionConfigurationPlatforms) = preSolution
		Debug|Any CPU = Debug|Any CPU
		Release|Any CPU = Release|Any CPU
	EndGlobalSection
	GlobalSection(ProjectConfigurationPlatforms) = postSolution
		{2C1BDFEC-D9E1-492E-B4DC-1FCD0EF25567}.Debug|Any CPU.ActiveCfg = Debug|Any CPU
		{2C1BDFEC-D9E1-492E-B4DC-1FCD0EF25567}.Debug|Any CPU.Build.0 = Debug|Any CPU
		{2C1BDFEC-D9E1-492E-B4DC-1FCD0EF25567}.Release|Any CPU.ActiveCfg = Release|Any CPU
		{2C1BDFEC-D9E1-492E-B4DC-1FCD0EF25567}.Release|Any CPU.Build.0 = Release|Any CPU
	EndGlobalSection
	GlobalSection(SolutionProperties) = preSolution
		HideSolutionNode = FALSE
	EndGlobalSection
EndGlobal
