
Microsoft Visual Studio Solution File, Format Version 12.00
# Visual Studio 15
VisualStudioVersion = 15.0.26430.16
MinimumVisualStudioVersion = 10.0.40219.1
Project("{2150E333-8FDC-42A3-9474-1A3956D46DE8}") = "Data", "Data", "{99D8D486-AB51-49CC-A272-AFCADCDBC680}"
EndProject
Project("{FAE04EC0-301F-11D3-BF4B-00C04F79EFBC}") = "MyStik.TimeTable.Data", "TimeTable\MyStik.TimeTable.Data\MyStik.TimeTable.Data.csproj", "{2C1BDFEC-D9E1-492E-B4DC-1FCD0EF25567}"
EndProject
Project("{2150E333-8FDC-42A3-9474-1A3956D46DE8}") = "Web", "Web", "{1E2A99E3-3F4E-4B61-8909-6E83BB416392}"
EndProject
Project("{FAE04EC0-301F-11D3-BF4B-00C04F79EFBC}") = "MyStik.TimeTable.Web", "TimeTable\MyStik.TimeTable.Web\MyStik.TimeTable.Web.csproj", "{99B4417B-B249-4521-996D-053C2145A842}"
EndProject
Project("{2150E333-8FDC-42A3-9474-1A3956D46DE8}") = "Services", "Services", "{7EF4CEA2-4B86-49FC-9C49-B5E502A422E4}"
EndProject
Project("{FAE04EC0-301F-11D3-BF4B-00C04F79EFBC}") = "MyStik.TimeTable.Contracts", "TimeTable\MyStik.TimeTable.Contracts\MyStik.TimeTable.Contracts.csproj", "{11CB6560-B6FC-481A-BDAC-70326D835E64}"
EndProject
Project("{FAE04EC0-301F-11D3-BF4B-00C04F79EFBC}") = "MyStik.TimeTable.DataServices", "TimeTable\MyStik.TimeTable.DataServices\MyStik.TimeTable.DataServices.csproj", "{38BD20FF-9419-4A38-AB44-F13CB74BDE0E}"
EndProject
Project("{2150E333-8FDC-42A3-9474-1A3956D46DE8}") = "Test", "Test", "{E82D0CF4-A361-4455-8F3E-D75F7E42D244}"
EndProject
Project("{FAE04EC0-301F-11D3-BF4B-00C04F79EFBC}") = "MyStik.TimeTable.Test", "TimeTable\MyStik.TimeTable.Test\MyStik.TimeTable.Test.csproj", "{B859E608-27F2-4536-A6EF-5323A20FC426}"
EndProject
Project("{FAE04EC0-301F-11D3-BF4B-00C04F79EFBC}") = "MyStick.TimeTable.UaTest", "TimeTable\MyStick.TimeTable.UaTest\MyStick.TimeTable.UaTest.csproj", "{D185CEB2-1718-4089-BD7A-48FB2A7A3F26}"
EndProject
Global
	GlobalSection(SolutionConfigurationPlatforms) = preSolution
		Debug|Any CPU = Debug|Any CPU
		Lab|Any CPU = Lab|Any CPU
		Release|Any CPU = Release|Any CPU
		SystemTest|Any CPU = SystemTest|Any CPU
	EndGlobalSection
	GlobalSection(ProjectConfigurationPlatforms) = postSolution
		{2C1BDFEC-D9E1-492E-B4DC-1FCD0EF25567}.Debug|Any CPU.ActiveCfg = Debug|Any CPU
		{2C1BDFEC-D9E1-492E-B4DC-1FCD0EF25567}.Debug|Any CPU.Build.0 = Debug|Any CPU
		{2C1BDFEC-D9E1-492E-B4DC-1FCD0EF25567}.Lab|Any CPU.ActiveCfg = Lab|Any CPU
		{2C1BDFEC-D9E1-492E-B4DC-1FCD0EF25567}.Lab|Any CPU.Build.0 = Lab|Any CPU
		{2C1BDFEC-D9E1-492E-B4DC-1FCD0EF25567}.Release|Any CPU.ActiveCfg = Release|Any CPU
		{2C1BDFEC-D9E1-492E-B4DC-1FCD0EF25567}.Release|Any CPU.Build.0 = Release|Any CPU
		{2C1BDFEC-D9E1-492E-B4DC-1FCD0EF25567}.SystemTest|Any CPU.ActiveCfg = SystemTest|Any CPU
		{2C1BDFEC-D9E1-492E-B4DC-1FCD0EF25567}.SystemTest|Any CPU.Build.0 = SystemTest|Any CPU
		{99B4417B-B249-4521-996D-053C2145A842}.Debug|Any CPU.ActiveCfg = Debug|Any CPU
		{99B4417B-B249-4521-996D-053C2145A842}.Debug|Any CPU.Build.0 = Debug|Any CPU
		{99B4417B-B249-4521-996D-053C2145A842}.Lab|Any CPU.ActiveCfg = Lab|Any CPU
		{99B4417B-B249-4521-996D-053C2145A842}.Lab|Any CPU.Build.0 = Lab|Any CPU
		{99B4417B-B249-4521-996D-053C2145A842}.Release|Any CPU.ActiveCfg = Release|Any CPU
		{99B4417B-B249-4521-996D-053C2145A842}.Release|Any CPU.Build.0 = Release|Any CPU
		{99B4417B-B249-4521-996D-053C2145A842}.SystemTest|Any CPU.ActiveCfg = SystemTest|Any CPU
		{99B4417B-B249-4521-996D-053C2145A842}.SystemTest|Any CPU.Build.0 = SystemTest|Any CPU
		{11CB6560-B6FC-481A-BDAC-70326D835E64}.Debug|Any CPU.ActiveCfg = Debug|Any CPU
		{11CB6560-B6FC-481A-BDAC-70326D835E64}.Debug|Any CPU.Build.0 = Debug|Any CPU
		{11CB6560-B6FC-481A-BDAC-70326D835E64}.Lab|Any CPU.ActiveCfg = Lab|Any CPU
		{11CB6560-B6FC-481A-BDAC-70326D835E64}.Lab|Any CPU.Build.0 = Lab|Any CPU
		{11CB6560-B6FC-481A-BDAC-70326D835E64}.Release|Any CPU.ActiveCfg = Release|Any CPU
		{11CB6560-B6FC-481A-BDAC-70326D835E64}.Release|Any CPU.Build.0 = Release|Any CPU
		{11CB6560-B6FC-481A-BDAC-70326D835E64}.SystemTest|Any CPU.ActiveCfg = SystemTest|Any CPU
		{11CB6560-B6FC-481A-BDAC-70326D835E64}.SystemTest|Any CPU.Build.0 = SystemTest|Any CPU
		{38BD20FF-9419-4A38-AB44-F13CB74BDE0E}.Debug|Any CPU.ActiveCfg = Debug|Any CPU
		{38BD20FF-9419-4A38-AB44-F13CB74BDE0E}.Debug|Any CPU.Build.0 = Debug|Any CPU
		{38BD20FF-9419-4A38-AB44-F13CB74BDE0E}.Lab|Any CPU.ActiveCfg = Lab|Any CPU
		{38BD20FF-9419-4A38-AB44-F13CB74BDE0E}.Lab|Any CPU.Build.0 = Lab|Any CPU
		{38BD20FF-9419-4A38-AB44-F13CB74BDE0E}.Release|Any CPU.ActiveCfg = Release|Any CPU
		{38BD20FF-9419-4A38-AB44-F13CB74BDE0E}.Release|Any CPU.Build.0 = Release|Any CPU
		{38BD20FF-9419-4A38-AB44-F13CB74BDE0E}.SystemTest|Any CPU.ActiveCfg = SystemTest|Any CPU
		{38BD20FF-9419-4A38-AB44-F13CB74BDE0E}.SystemTest|Any CPU.Build.0 = SystemTest|Any CPU
		{B859E608-27F2-4536-A6EF-5323A20FC426}.Debug|Any CPU.ActiveCfg = Debug|Any CPU
		{B859E608-27F2-4536-A6EF-5323A20FC426}.Debug|Any CPU.Build.0 = Debug|Any CPU
		{B859E608-27F2-4536-A6EF-5323A20FC426}.Lab|Any CPU.ActiveCfg = Lab|Any CPU
		{B859E608-27F2-4536-A6EF-5323A20FC426}.Lab|Any CPU.Build.0 = Lab|Any CPU
		{B859E608-27F2-4536-A6EF-5323A20FC426}.Release|Any CPU.ActiveCfg = Release|Any CPU
		{B859E608-27F2-4536-A6EF-5323A20FC426}.Release|Any CPU.Build.0 = Release|Any CPU
		{B859E608-27F2-4536-A6EF-5323A20FC426}.SystemTest|Any CPU.ActiveCfg = Release|Any CPU
		{B859E608-27F2-4536-A6EF-5323A20FC426}.SystemTest|Any CPU.Build.0 = Release|Any CPU
		{D185CEB2-1718-4089-BD7A-48FB2A7A3F26}.Debug|Any CPU.ActiveCfg = Debug|Any CPU
		{D185CEB2-1718-4089-BD7A-48FB2A7A3F26}.Debug|Any CPU.Build.0 = Debug|Any CPU
		{D185CEB2-1718-4089-BD7A-48FB2A7A3F26}.Lab|Any CPU.ActiveCfg = Lab|Any CPU
		{D185CEB2-1718-4089-BD7A-48FB2A7A3F26}.Lab|Any CPU.Build.0 = Lab|Any CPU
		{D185CEB2-1718-4089-BD7A-48FB2A7A3F26}.Release|Any CPU.ActiveCfg = Release|Any CPU
		{D185CEB2-1718-4089-BD7A-48FB2A7A3F26}.Release|Any CPU.Build.0 = Release|Any CPU
		{D185CEB2-1718-4089-BD7A-48FB2A7A3F26}.SystemTest|Any CPU.ActiveCfg = Release|Any CPU
		{D185CEB2-1718-4089-BD7A-48FB2A7A3F26}.SystemTest|Any CPU.Build.0 = Release|Any CPU
	EndGlobalSection
	GlobalSection(SolutionProperties) = preSolution
		HideSolutionNode = FALSE
	EndGlobalSection
	GlobalSection(NestedProjects) = preSolution
		{2C1BDFEC-D9E1-492E-B4DC-1FCD0EF25567} = {99D8D486-AB51-49CC-A272-AFCADCDBC680}
		{99B4417B-B249-4521-996D-053C2145A842} = {1E2A99E3-3F4E-4B61-8909-6E83BB416392}
		{11CB6560-B6FC-481A-BDAC-70326D835E64} = {7EF4CEA2-4B86-49FC-9C49-B5E502A422E4}
		{38BD20FF-9419-4A38-AB44-F13CB74BDE0E} = {7EF4CEA2-4B86-49FC-9C49-B5E502A422E4}
		{B859E608-27F2-4536-A6EF-5323A20FC426} = {E82D0CF4-A361-4455-8F3E-D75F7E42D244}
		{D185CEB2-1718-4089-BD7A-48FB2A7A3F26} = {E82D0CF4-A361-4455-8F3E-D75F7E42D244}
	EndGlobalSection
	GlobalSection(ExtensibilityGlobals) = postSolution
		SolutionGuid = {A9FF6FCF-7CED-4C49-A9D8-A8E2FCA5DC83}
		RESX_SortFileContentOnSave = True
		RESX_PrefixTranslations = False
		EnterpriseLibraryConfigurationToolBinariesPathV6 = packages\EnterpriseLibrary.Common.6.0.1304.0\lib\NET45;packages\EnterpriseLibrary.Logging.6.0.1304.0\lib\NET45;packages\EnterpriseLibrary.Data.6.0.1304.0\lib\NET45;packages\EnterpriseLibrary.ExceptionHandling.6.0.1304.0\lib\NET45;packages\EnterpriseLibrary.TransientFaultHandling.6.0.1304.0\lib\portable-net45+win+wp8;packages\EnterpriseLibrary.PolicyInjection.6.0.1304.0\lib\NET45;packages\EnterpriseLibrary.Logging.Database.6.0.1304.0\lib\NET45
	EndGlobalSection
EndGlobal
